github.com/gempir/go-twitch-irc/v4 v4.0.0 h1:sHVIvbWOv9nHXGEErilclxASv0AaQEr/r/f9C0B9aO8=
github.com/gempir/go-twitch-irc/v4 v4.0.0/go.mod h1:QsOMMAk470uxQ7EYD9GJBGAVqM/jDrXBNbuePfTauzg=
github.com/magefile/mage v1.14.0 h1:6QDX3g6z1YvJ4olPhT1wksUcSa/V0a1B+pJb73fBjyo=
github.com/magefile/mage v1.14.0/go.mod h1:z5UZb/iS3GoOSn0JgWuiw7dxlurVYTu+/jHXqQg881A=
github.com/tetratelabs/wazero v1.5.0 h1:Yz3fZHivfDiZFUXnWMPUoiW7s8tC1sjdBtlJn08qYa0=
github.com/tetratelabs/wazero v1.5.0/go.mod h1:0U0G41+ochRKoPKCJlh0jMg1CHkyfK8kDqiirMmKY8A=
github.com/wasilibs/go-re2 v1.4.1 h1:E5+9O1M8UoGeqLB2A9omeoaWImqpuYDs9cKwvTJq/Oo=
github.com/wasilibs/go-re2 v1.4.1/go.mod h1:ynB8eCwd9JsqUnsk8WlPDk6cEeme8BguZmnqOSURE4Y=
github.com/wasilibs/nottinygc v0.4.0 h1:h1TJMihMC4neN6Zq+WKpLxgd9xCFMw7O9ETLwY2exJQ=
github.com/wasilibs/nottinygc v0.4.0/go.mod h1:oDcIotskuYNMpqMF23l7Z8uzD4TC0WXHK8jetlB3HIo=
gopkg.in/check.v1 v0.0.0-20161208181325-20d25e280405 h1:yhCVgyC4o1eVCa2tZl7eS0r+SDo693bJlVdllGtEeKM=
gopkg.in/check.v1 v0.0.0-20161208181325-20d25e280405/go.mod h1:Co6ibVJAznAaIkqp8huTwlJQCZ016jof/cbN4VW5Yz0=
gopkg.in/yaml.v3 v3.0.1 h1:fxVm/GzAzEWqLHuvctI91KS9hhNmmWOoWu0XTYJS7CA=
gopkg.in/yaml.v3 v3.0.1/go.mod h1:K4uyk7z7BCEPqu6E+C64Yfv1cQ7kz7rIZviUmN+EgEM=
